[[package]]
name = "aiohttp"
version = "3.8.1"
description = "Async http client/server framework (asyncio)"
category = "main"
optional = false
python-versions = ">=3.6"

[package.dependencies]
aiosignal = ">=1.1.2"
async-timeout = ">=4.0.0a3,<5.0"
asynctest = {version = "0.13.0", markers = "python_version < \"3.8\""}
attrs = ">=17.3.0"
charset-normalizer = ">=2.0,<3.0"
frozenlist = ">=1.1.1"
idna-ssl = {version = ">=1.0", markers = "python_version < \"3.7\""}
multidict = ">=4.5,<7.0"
typing-extensions = {version = ">=3.7.4", markers = "python_version < \"3.8\""}
yarl = ">=1.0,<2.0"

[package.extras]
speedups = ["aiodns", "brotli", "cchardet"]

[[package]]
name = "aiosignal"
version = "1.2.0"
description = "aiosignal: a list of registered asynchronous callbacks"
category = "main"
optional = false
python-versions = ">=3.6"

[package.dependencies]
frozenlist = ">=1.1.0"

[[package]]
name = "async-timeout"
version = "4.0.2"
description = "Timeout context manager for asyncio programs"
category = "main"
optional = false
python-versions = ">=3.6"

[package.dependencies]
typing-extensions = {version = ">=3.6.5", markers = "python_version < \"3.8\""}

[[package]]
name = "asynctest"
version = "0.13.0"
description = "Enhance the standard unittest package with features for testing asyncio libraries"
category = "main"
optional = false
python-versions = ">=3.5"

[[package]]
name = "attrs"
version = "19.3.0"
description = "Classes Without Boilerplate"
category = "main"
optional = false
python-versions = ">=2.7, !=3.0.*, !=3.1.*, !=3.2.*, !=3.3.*"

[package.extras]
azure-pipelines = ["coverage", "hypothesis", "pympler", "pytest (>=4.3.0)", "six", "zope.interface", "pytest-azurepipelines"]
dev = ["coverage", "hypothesis", "pympler", "pytest (>=4.3.0)", "six", "zope.interface", "sphinx", "pre-commit"]
docs = ["sphinx", "zope.interface"]
tests = ["coverage", "hypothesis", "pympler", "pytest (>=4.3.0)", "six", "zope.interface"]

[[package]]
name = "charset-normalizer"
version = "2.1.0"
description = "The Real First Universal Charset Detector. Open, modern and actively maintained alternative to Chardet."
category = "main"
optional = false
python-versions = ">=3.6.0"

[package.extras]
unicode_backport = ["unicodedata2"]

[[package]]
name = "ephem"
version = "3.7.7.1"
description = "Compute positions of the planets and stars"
category = "main"
optional = false
python-versions = "*"

[[package]]
name = "frozenlist"
version = "1.2.0"
description = "A list-like structure which implements collections.abc.MutableSequence"
category = "main"
optional = false
python-versions = ">=3.6"

[[package]]
name = "gunicorn"
version = "20.0.4"
description = "WSGI HTTP Server for UNIX"
category = "main"
optional = false
python-versions = ">=3.4"

[package.extras]
eventlet = ["eventlet (>=0.9.7)"]
gevent = ["gevent (>=0.13)"]
setproctitle = ["setproctitle"]
tornado = ["tornado (>=0.2)"]

[[package]]
name = "idna"
version = "2.10"
description = "Internationalized Domain Names in Applications (IDNA)"
category = "main"
optional = false
python-versions = ">=2.7, !=3.0.*, !=3.1.*, !=3.2.*, !=3.3.*"

[[package]]
name = "idna-ssl"
version = "1.1.0"
description = "Patch ssl.match_hostname for Unicode(idna) domains support"
category = "main"
optional = false
python-versions = "*"

[package.dependencies]
idna = ">=2.0"

[[package]]
name = "multidict"
version = "4.7.6"
description = "multidict implementation"
category = "main"
optional = false
python-versions = ">=3.5"

[[package]]
name = "typing-extensions"
version = "3.7.4.2"
description = "Backported and Experimental Type Hints for Python 3.5+"
category = "main"
optional = false
python-versions = "*"

[[package]]
name = "yarl"
version = "1.5.1"
description = "Yet another URL library"
category = "main"
optional = false
python-versions = ">=3.5"

[package.dependencies]
idna = ">=2.0"
multidict = ">=4.0"
typing-extensions = {version = ">=3.7.4", markers = "python_version < \"3.8\""}

[metadata]
lock-version = "1.1"
python-versions = "^3.6"
content-hash = "82ce8a6fa11497f2a4aad9a97245463ef6d275db6f2b86e85ecf27cfcbaad7dc"

[metadata.files]
aiohttp = [
    {file = "aiohttp-3.8.1-cp310-cp310-macosx_10_9_universal2.whl", hash = "sha256:1ed0b6477896559f17b9eaeb6d38e07f7f9ffe40b9f0f9627ae8b9926ae260a8"},
    {file = "aiohttp-3.8.1-cp310-cp310-macosx_10_9_x86_64.whl", hash = "sha256:7dadf3c307b31e0e61689cbf9e06be7a867c563d5a63ce9dca578f956609abf8"},
    {file = "aiohttp-3.8.1-cp310-cp310-macosx_11_0_arm64.whl", hash = "sha256:a79004bb58748f31ae1cbe9fa891054baaa46fb106c2dc7af9f8e3304dc30316"},
    {file = "aiohttp-3.8.1-cp310-cp310-manylinux_2_17_aarch64.manylinux2014_aarch64.whl", hash = "sha256:12de6add4038df8f72fac606dff775791a60f113a725c960f2bab01d8b8e6b15"},
    {file = "aiohttp-3.8.1-cp310-cp310-manylinux_2_17_ppc64le.manylinux2014_ppc64le.whl", hash = "sha256:6f0d5f33feb5f69ddd57a4a4bd3d56c719a141080b445cbf18f238973c5c9923"},
    {file = "aiohttp-3.8.1-cp310-cp310-manylinux_2_17_s390x.manylinux2014_s390x.whl", hash = "sha256:eaba923151d9deea315be1f3e2b31cc39a6d1d2f682f942905951f4e40200922"},
    {file = "aiohttp-3.8.1-cp310-cp310-manylinux_2_5_i686.manylinux1_i686.manylinux_2_12_i686.manylinux2010_i686.whl", hash = "sha256:099ebd2c37ac74cce10a3527d2b49af80243e2a4fa39e7bce41617fbc35fa3c1"},
    {file = "aiohttp-3.8.1-cp310-cp310-manylinux_2_5_x86_64.manylinux1_x86_64.manylinux_2_12_x86_64.manylinux2010_x86_64.whl", hash = "sha256:2e5d962cf7e1d426aa0e528a7e198658cdc8aa4fe87f781d039ad75dcd52c516"},
    {file = "aiohttp-3.8.1-cp310-cp310-musllinux_1_1_aarch64.whl", hash = "sha256:fa0ffcace9b3aa34d205d8130f7873fcfefcb6a4dd3dd705b0dab69af6712642"},
    {file = "aiohttp-3.8.1-cp310-cp310-musllinux_1_1_i686.whl", hash = "sha256:61bfc23df345d8c9716d03717c2ed5e27374e0fe6f659ea64edcd27b4b044cf7"},
    {file = "aiohttp-3.8.1-cp310-cp310-musllinux_1_1_ppc64le.whl", hash = "sha256:31560d268ff62143e92423ef183680b9829b1b482c011713ae941997921eebc8"},
    {file = "aiohttp-3.8.1-cp310-cp310-musllinux_1_1_s390x.whl", hash = "sha256:01d7bdb774a9acc838e6b8f1d114f45303841b89b95984cbb7d80ea41172a9e3"},
    {file = "aiohttp-3.8.1-cp310-cp310-musllinux_1_1_x86_64.whl", hash = "sha256:97ef77eb6b044134c0b3a96e16abcb05ecce892965a2124c566af0fd60f717e2"},
    {file = "aiohttp-3.8.1-cp310-cp310-win32.whl", hash = "sha256:c2aef4703f1f2ddc6df17519885dbfa3514929149d3ff900b73f45998f2532fa"},
    {file = "aiohttp-3.8.1-cp310-cp310-win_amd64.whl", hash = "sha256:713ac174a629d39b7c6a3aa757b337599798da4c1157114a314e4e391cd28e32"},
    {file = "aiohttp-3.8.1-cp36-cp36m-macosx_10_9_x86_64.whl", hash = "sha256:473d93d4450880fe278696549f2e7aed8cd23708c3c1997981464475f32137db"},
    {file = "aiohttp-3.8.1-cp36-cp36m-manylinux_2_17_aarch64.manylinux2014_aarch64.whl", hash = "sha256:99b5eeae8e019e7aad8af8bb314fb908dd2e028b3cdaad87ec05095394cce632"},
    {file = "aiohttp-3.8.1-cp36-cp36m-manylinux_2_17_ppc64le.manylinux2014_ppc64le.whl", hash = "sha256:3af642b43ce56c24d063325dd2cf20ee012d2b9ba4c3c008755a301aaea720ad"},
    {file = "aiohttp-3.8.1-cp36-cp36m-manylinux_2_17_s390x.manylinux2014_s390x.whl", hash = "sha256:c3630c3ef435c0a7c549ba170a0633a56e92629aeed0e707fec832dee313fb7a"},
    {file = "aiohttp-3.8.1-cp36-cp36m-manylinux_2_5_i686.manylinux1_i686.manylinux_2_12_i686.manylinux2010_i686.whl", hash = "sha256:4a4a4e30bf1edcad13fb0804300557aedd07a92cabc74382fdd0ba6ca2661091"},
    {file = "aiohttp-3.8.1-cp36-cp36m-manylinux_2_5_x86_64.manylinux1_x86_64.manylinux_2_12_x86_64.manylinux2010_x86_64.whl", hash = "sha256:6f8b01295e26c68b3a1b90efb7a89029110d3a4139270b24fda961893216c440"},
    {file = "aiohttp-3.8.1-cp36-cp36m-musllinux_1_1_aarch64.whl", hash = "sha256:a25fa703a527158aaf10dafd956f7d42ac6d30ec80e9a70846253dd13e2f067b"},
    {file = "aiohttp-3.8.1-cp36-cp36m-musllinux_1_1_i686.whl", hash = "sha256:5bfde62d1d2641a1f5173b8c8c2d96ceb4854f54a44c23102e2ccc7e02f003ec"},
    {file = "aiohttp-3.8.1-cp36-cp36m-musllinux_1_1_ppc64le.whl", hash = "sha256:51467000f3647d519272392f484126aa716f747859794ac9924a7aafa86cd411"},
    {file = "aiohttp-3.8.1-cp36-cp36m-musllinux_1_1_s390x.whl", hash = "sha256:03a6d5349c9ee8f79ab3ff3694d6ce1cfc3ced1c9d36200cb8f08ba06bd3b782"},
    {file = "aiohttp-3.8.1-cp36-cp36m-musllinux_1_1_x86_64.whl", hash = "sha256:102e487eeb82afac440581e5d7f8f44560b36cf0bdd11abc51a46c1cd88914d4"},
    {file = "aiohttp-3.8.1-cp36-cp36m-win32.whl", hash = "sha256:4aed991a28ea3ce320dc8ce655875e1e00a11bdd29fe9444dd4f88c30d558602"},
    {file = "aiohttp-3.8.1-cp36-cp36m-win_amd64.whl", hash = "sha256:b0e20cddbd676ab8a64c774fefa0ad787cc506afd844de95da56060348021e96"},
    {file = "aiohttp-3.8.1-cp37-cp37m-macosx_10_9_x86_64.whl", hash = "sha256:37951ad2f4a6df6506750a23f7cbabad24c73c65f23f72e95897bb2cecbae676"},
    {file = "aiohttp-3.8.1-cp37-cp37m-manylinux_2_17_aarch64.manylinux2014_aarch64.whl", hash = "sha256:5c23b1ad869653bc818e972b7a3a79852d0e494e9ab7e1a701a3decc49c20d51"},
    {file = "aiohttp-3.8.1-cp37-cp37m-manylinux_2_17_ppc64le.manylinux2014_ppc64le.whl", hash = "sha256:15b09b06dae900777833fe7fc4b4aa426556ce95847a3e8d7548e2d19e34edb8"},
    {file = "aiohttp-3.8.1-cp37-cp37m-manylinux_2_17_s390x.manylinux2014_s390x.whl", hash = "sha256:477c3ea0ba410b2b56b7efb072c36fa91b1e6fc331761798fa3f28bb224830dd"},
    {file = "aiohttp-3.8.1-cp37-cp37m-manylinux_2_5_i686.manylinux1_i686.manylinux_2_12_i686.manylinux2010_i686.whl", hash = "sha256:2f2f69dca064926e79997f45b2f34e202b320fd3782f17a91941f7eb85502ee2"},
    {file = "aiohttp-3.8.1-cp37-cp37m-manylinux_2_5_x86_64.manylinux1_x86_64.manylinux_2_12_x86_64.manylinux2010_x86_64.whl", hash = "sha256:ef9612483cb35171d51d9173647eed5d0069eaa2ee812793a75373447d487aa4"},
    {file = "aiohttp-3.8.1-cp37-cp37m-musllinux_1_1_aarch64.whl", hash = "sha256:6d69f36d445c45cda7b3b26afef2fc34ef5ac0cdc75584a87ef307ee3c8c6d00"},
    {file = "aiohttp-3.8.1-cp37-cp37m-musllinux_1_1_i686.whl", hash = "sha256:55c3d1072704d27401c92339144d199d9de7b52627f724a949fc7d5fc56d8b93"},
    {file = "aiohttp-3.8.1-cp37-cp37m-musllinux_1_1_ppc64le.whl", hash = "sha256:b9d00268fcb9f66fbcc7cd9fe423741d90c75ee029a1d15c09b22d23253c0a44"},
    {file = "aiohttp-3.8.1-cp37-cp37m-musllinux_1_1_s390x.whl", hash = "sha256:07b05cd3305e8a73112103c834e91cd27ce5b4bd07850c4b4dbd1877d3f45be7"},
    {file = "aiohttp-3.8.1-cp37-cp37m-musllinux_1_1_x86_64.whl", hash = "sha256:c34dc4958b232ef6188c4318cb7b2c2d80521c9a56c52449f8f93ab7bc2a8a1c"},
    {file = "aiohttp-3.8.1-cp37-cp37m-win32.whl", hash = "sha256:d2f9b69293c33aaa53d923032fe227feac867f81682f002ce33ffae978f0a9a9"},
    {file = "aiohttp-3.8.1-cp37-cp37m-win_amd64.whl", hash = "sha256:6ae828d3a003f03ae31915c31fa684b9890ea44c9c989056fea96e3d12a9fa17"},
    {file = "aiohttp-3.8.1-cp38-cp38-macosx_10_9_universal2.whl", hash = "sha256:0c7ebbbde809ff4e970824b2b6cb7e4222be6b95a296e46c03cf050878fc1785"},
    {file = "aiohttp-3.8.1-cp38-cp38-macosx_10_9_x86_64.whl", hash = "sha256:8b7ef7cbd4fec9a1e811a5de813311ed4f7ac7d93e0fda233c9b3e1428f7dd7b"},
    {file = "aiohttp-3.8.1-cp38-cp38-macosx_11_0_arm64.whl", hash = "sha256:c3d6a4d0619e09dcd61021debf7059955c2004fa29f48788a3dfaf9c9901a7cd"},
    {file = "aiohttp-3.8.1-cp38-cp38-manylinux_2_17_aarch64.manylinux2014_aarch64.whl", hash = "sha256:718626a174e7e467f0558954f94af117b7d4695d48eb980146016afa4b580b2e"},
    {file = "aiohttp-3.8.1-cp38-cp38-manylinux_2_17_ppc64le.manylinux2014_ppc64le.whl", hash = "sha256:589c72667a5febd36f1315aa6e5f56dd4aa4862df295cb51c769d16142ddd7cd"},
    {file = "aiohttp-3.8.1-cp38-cp38-manylinux_2_17_s390x.manylinux2014_s390x.whl", hash = "sha256:2ed076098b171573161eb146afcb9129b5ff63308960aeca4b676d9d3c35e700"},
    {file = "aiohttp-3.8.1-cp38-cp38-manylinux_2_5_i686.manylinux1_i686.manylinux_2_12_i686.manylinux2010_i686.whl", hash = "sha256:086f92daf51a032d062ec5f58af5ca6a44d082c35299c96376a41cbb33034675"},
    {file = "aiohttp-3.8.1-cp38-cp38-manylinux_2_5_x86_64.manylinux1_x86_64.manylinux_2_12_x86_64.manylinux2010_x86_64.whl", hash = "sha256:11691cf4dc5b94236ccc609b70fec991234e7ef8d4c02dd0c9668d1e486f5abf"},
    {file = "aiohttp-3.8.1-cp38-cp38-musllinux_1_1_aarch64.whl", hash = "sha256:31d1e1c0dbf19ebccbfd62eff461518dcb1e307b195e93bba60c965a4dcf1ba0"},
    {file = "aiohttp-3.8.1-cp38-cp38-musllinux_1_1_i686.whl", hash = "sha256:11a67c0d562e07067c4e86bffc1553f2cf5b664d6111c894671b2b8712f3aba5"},
    {file = "aiohttp-3.8.1-cp38-cp38-musllinux_1_1_ppc64le.whl", hash = "sha256:bb01ba6b0d3f6c68b89fce7305080145d4877ad3acaed424bae4d4ee75faa950"},
    {file = "aiohttp-3.8.1-cp38-cp38-musllinux_1_1_s390x.whl", hash = "sha256:44db35a9e15d6fe5c40d74952e803b1d96e964f683b5a78c3cc64eb177878155"},
    {file = "aiohttp-3.8.1-cp38-cp38-musllinux_1_1_x86_64.whl", hash = "sha256:844a9b460871ee0a0b0b68a64890dae9c415e513db0f4a7e3cab41a0f2fedf33"},
    {file = "aiohttp-3.8.1-cp38-cp38-win32.whl", hash = "sha256:7d08744e9bae2ca9c382581f7dce1273fe3c9bae94ff572c3626e8da5b193c6a"},
    {file = "aiohttp-3.8.1-cp38-cp38-win_amd64.whl", hash = "sha256:04d48b8ce6ab3cf2097b1855e1505181bdd05586ca275f2505514a6e274e8e75"},
    {file = "aiohttp-3.8.1-cp39-cp39-macosx_10_9_universal2.whl", hash = "sha256:f5315a2eb0239185af1bddb1abf472d877fede3cc8d143c6cddad37678293237"},
    {file = "aiohttp-3.8.1-cp39-cp39-macosx_10_9_x86_64.whl", hash = "sha256:a996d01ca39b8dfe77440f3cd600825d05841088fd6bc0144cc6c2ec14cc5f74"},
    {file = "aiohttp-3.8.1-cp39-cp39-macosx_11_0_arm64.whl", hash = "sha256:13487abd2f761d4be7c8ff9080de2671e53fff69711d46de703c310c4c9317ca"},
    {file = "aiohttp-3.8.1-cp39-cp39-manylinux_2_17_aarch64.manylinux2014_aarch64.whl", hash = "sha256:ea302f34477fda3f85560a06d9ebdc7fa41e82420e892fc50b577e35fc6a50b2"},
    {file = "aiohttp-3.8.1-cp39-cp39-manylinux_2_17_ppc64le.manylinux2014_ppc64le.whl", hash = "sha256:a2f635ce61a89c5732537a7896b6319a8fcfa23ba09bec36e1b1ac0ab31270d2"},
    {file = "aiohttp-3.8.1-cp39-cp39-manylinux_2_17_s390x.manylinux2014_s390x.whl", hash = "sha256:e999f2d0e12eea01caeecb17b653f3713d758f6dcc770417cf29ef08d3931421"},
    {file = "aiohttp-3.8.1-cp39-cp39-manylinux_2_5_i686.manylinux1_i686.manylinux_2_12_i686.manylinux2010_i686.whl", hash = "sha256:0770e2806a30e744b4e21c9d73b7bee18a1cfa3c47991ee2e5a65b887c49d5cf"},
    {file = "aiohttp-3.8.1-cp39-cp39-manylinux_2_5_x86_64.manylinux1_x86_64.manylinux_2_12_x86_64.manylinux2010_x86_64.whl", hash = "sha256:d15367ce87c8e9e09b0f989bfd72dc641bcd04ba091c68cd305312d00962addd"},
    {file = "aiohttp-3.8.1-cp39-cp39-musllinux_1_1_aarch64.whl", hash = "sha256:6c7cefb4b0640703eb1069835c02486669312bf2f12b48a748e0a7756d0de33d"},
    {file = "aiohttp-3.8.1-cp39-cp39-musllinux_1_1_i686.whl", hash = "sha256:71927042ed6365a09a98a6377501af5c9f0a4d38083652bcd2281a06a5976724"},
    {file = "aiohttp-3.8.1-cp39-cp39-musllinux_1_1_ppc64le.whl", hash = "sha256:28d490af82bc6b7ce53ff31337a18a10498303fe66f701ab65ef27e143c3b0ef"},
    {file = "aiohttp-3.8.1-cp39-cp39-musllinux_1_1_s390x.whl", hash = "sha256:b6613280ccedf24354406caf785db748bebbddcf31408b20c0b48cb86af76866"},
    {file = "aiohttp-3.8.1-cp39-cp39-musllinux_1_1_x86_64.whl", hash = "sha256:81e3d8c34c623ca4e36c46524a3530e99c0bc95ed068fd6e9b55cb721d408fb2"},
    {file = "aiohttp-3.8.1-cp39-cp39-win32.whl", hash = "sha256:7187a76598bdb895af0adbd2fb7474d7f6025d170bc0a1130242da817ce9e7d1"},
    {file = "aiohttp-3.8.1-cp39-cp39-win_amd64.whl", hash = "sha256:1c182cb873bc91b411e184dab7a2b664d4fea2743df0e4d57402f7f3fa644bac"},
    {file = "aiohttp-3.8.1.tar.gz", hash = "sha256:fc5471e1a54de15ef71c1bc6ebe80d4dc681ea600e68bfd1cbce40427f0b7578"},
]
aiosignal = [
    {file = "aiosignal-1.2.0-py3-none-any.whl", hash = "sha256:26e62109036cd181df6e6ad646f91f0dcfd05fe16d0cb924138ff2ab75d64e3a"},
    {file = "aiosignal-1.2.0.tar.gz", hash = "sha256:78ed67db6c7b7ced4f98e495e572106d5c432a93e1ddd1bf475e1dc05f5b7df2"},
]
async-timeout = [
    {file = "async-timeout-4.0.2.tar.gz", hash = "sha256:2163e1640ddb52b7a8c80d0a67a08587e5d245cc9c553a74a847056bc2976b15"},
    {file = "async_timeout-4.0.2-py3-none-any.whl", hash = "sha256:8ca1e4fcf50d07413d66d1a5e416e42cfdf5851c981d679a09851a6853383b3c"},
]
asynctest = [
    {file = "asynctest-0.13.0-py3-none-any.whl", hash = "sha256:5da6118a7e6d6b54d83a8f7197769d046922a44d2a99c21382f0a6e4fadae676"},
    {file = "asynctest-0.13.0.tar.gz", hash = "sha256:c27862842d15d83e6a34eb0b2866c323880eb3a75e4485b079ea11748fd77fac"},
]
attrs = [
    {file = "attrs-19.3.0-py2.py3-none-any.whl", hash = "sha256:08a96c641c3a74e44eb59afb61a24f2cb9f4d7188748e76ba4bb5edfa3cb7d1c"},
    {file = "attrs-19.3.0.tar.gz", hash = "sha256:f7b7ce16570fe9965acd6d30101a28f62fb4a7f9e926b3bbc9b61f8b04247e72"},
]
charset-normalizer = [
    {file = "charset-normalizer-2.1.0.tar.gz", hash = "sha256:575e708016ff3a5e3681541cb9d79312c416835686d054a23accb873b254f413"},
    {file = "charset_normalizer-2.1.0-py3-none-any.whl", hash = "sha256:5189b6f22b01957427f35b6a08d9a0bc45b46d3788ef5a92e978433c7a35f8a5"},
]
ephem = [
    {file = "ephem-3.7.7.1-cp27-cp27m-macosx_10_6_intel.whl", hash = "sha256:0a6d6ed003383f702695094399728052981c567d423b25aa7163b3fd40de3d5a"},
    {file = "ephem-3.7.7.1-cp27-cp27m-macosx_10_9_x86_64.whl", hash = "sha256:3cbc4f643329c4f64de63584e636625fa9f11b50209386ed99cbf508abe19488"},
    {file = "ephem-3.7.7.1-cp27-cp27m-manylinux2010_i686.whl", hash = "sha256:e73b9997d7b844fabff988d7f66c3bad4e76ec8975ec9c60ec988037bb5c04b1"},
    {file = "ephem-3.7.7.1-cp27-cp27m-manylinux2010_x86_64.whl", hash = "sha256:7619297a1103f6b3dac0c609bfa7c31e17678fb1a02653347ec030487e412031"},
    {file = "ephem-3.7.7.1-cp27-cp27m-win32.whl", hash = "sha256:7756218a8b72ca50ee4f290b80828073412e7d7023389df5ead5d14839175bda"},
    {file = "ephem-3.7.7.1-cp27-cp27m-win_amd64.whl", hash = "sha256:b8f9fb5b4184523b98f6629c6c927aeeba80d61df21f07af2844cdae45e1a294"},
    {file = "ephem-3.7.7.1-cp27-cp27mu-manylinux2010_i686.whl", hash = "sha256:37fd1abbebb821381d2865064a6fa9484ffdcd2161cf92193da8d42da79aa7db"},
    {file = "ephem-3.7.7.1-cp27-cp27mu-manylinux2010_x86_64.whl", hash = "sha256:ff4e1584cc232d8bc4aea405346eeb8a24b0fbe84c6331d4edb5d4456d19f1c3"},
    {file = "ephem-3.7.7.1-cp35-cp35m-macosx_10_6_intel.whl", hash = "sha256:c6081a9791e9de6511cddbeb9529bd5550fdb6f9e2a8dc9c2ec85911d67c6d11"},
    {file = "ephem-3.7.7.1-cp35-cp35m-macosx_10_9_x86_64.whl", hash = "sha256:d1d1ac8dc9be47dc6c7ec62800ca6557d03e8be3716c2a10ea0c8f1198c0a701"},
    {file = "ephem-3.7.7.1-cp35-cp35m-manylinux2010_i686.whl", hash = "sha256:7f781d73e49caf7989c503a948471f1c8c1f738a450d557413999fb732f4dba3"},
    {file = "ephem-3.7.7.1-cp35-cp35m-manylinux2010_x86_64.whl", hash = "sha256:f0959882bf73c8fe1cb801f42b0989e0ecb9d84b99eb8b8f70d61d16767a1e8a"},
    {file = "ephem-3.7.7.1-cp35-cp35m-manylinux2014_aarch64.whl", hash = "sha256:06029db6b26f1764ed009360de8530f6cd759411232b3001df1b69ba6afa871d"},
    {file = "ephem-3.7.7.1-cp35-cp35m-manylinux2014_s390x.whl", hash = "sha256:562baaeb3a46cf2248f97d2ad80092d747024e5dea62ebe50386a04b8e506c10"},
    {file = "ephem-3.7.7.1-cp35-cp35m-win32.whl", hash = "sha256:2bcd953cced045e4232bcb71d60f6ba237f7944c880e83e74cc959449b192dee"},
    {file = "ephem-3.7.7.1-cp35-cp35m-win_amd64.whl", hash = "sha256:fd0b922387df1ad8721f2fafd5dca51ce7105238f968e1532a177b781b8cae0e"},
    {file = "ephem-3.7.7.1-cp36-cp36m-macosx_10_6_intel.whl", hash = "sha256:e10c2c8afbb9e927d46d9bf3562441da2173ff196790a75ad0e5c5ee920d5922"},
    {file = "ephem-3.7.7.1-cp36-cp36m-macosx_10_9_x86_64.whl", hash = "sha256:592264e512b5658402e93903343eb26502c6f327df8a71847f3dcaea73908f32"},
    {file = "ephem-3.7.7.1-cp36-cp36m-manylinux2010_i686.whl", hash = "sha256:8d586d970c42d62b1fc757a1c7c10679416a43e9e4a77391a05907159ce346f8"},
    {file = "ephem-3.7.7.1-cp36-cp36m-manylinux2010_x86_64.whl", hash = "sha256:1a8ea6a045ff669011f8ecdeffadfc5eaa519fb56ab8dd40508910e9db5ec7b0"},
    {file = "ephem-3.7.7.1-cp36-cp36m-manylinux2014_aarch64.whl", hash = "sha256:c25993d6554820ff11fdd8f2ddb75bf99e70db01327f09700bf8811201e9daef"},
    {file = "ephem-3.7.7.1-cp36-cp36m-manylinux2014_s390x.whl", hash = "sha256:9180d953ff4cbe89fc9ccc78aea73f290c0166b8ddb01e9c837b4639a7492ec8"},
    {file = "ephem-3.7.7.1-cp36-cp36m-win32.whl", hash = "sha256:72fdb72c813fc9780726aa732eb2193bbe1663549265ca5a746899215ecfbffd"},
    {file = "ephem-3.7.7.1-cp36-cp36m-win_amd64.whl", hash = "sha256:f5af029f8814aa8617e73b2ddcad2bd1c682ca13c31ee3b6f5825dd5cb43e777"},
    {file = "ephem-3.7.7.1-cp37-cp37m-macosx_10_6_intel.whl", hash = "sha256:e61c68f1c7d304a130bb6b88c1fca6600bbc1a1df6ca9a109b6eba4c6cbd3376"},
    {file = "ephem-3.7.7.1-cp37-cp37m-macosx_10_9_x86_64.whl", hash = "sha256:fdf5f3ed8bd46ce2bf1145b26aec65a2c08ea7c97cf42b6b439af6e7bc6dc94d"},
    {file = "ephem-3.7.7.1-cp37-cp37m-manylinux2010_i686.whl", hash = "sha256:31e2a17ca6f8d6bd44832574fea5461938ba034e52bf551e15e1a4c8f8c6c4fb"},
    {file = "ephem-3.7.7.1-cp37-cp37m-manylinux2010_x86_64.whl", hash = "sha256:1ff5abefa230d5ab40846f1cb27d4f5583d46044fecf10e17bfb559bdc766a47"},
    {file = "ephem-3.7.7.1-cp37-cp37m-manylinux2014_aarch64.whl", hash = "sha256:5ef34e3cfea0683998e867d7b8de642081e8821fafbd5e1d2dcab503c119c4a2"},
    {file = "ephem-3.7.7.1-cp37-cp37m-manylinux2014_s390x.whl", hash = "sha256:e2aca9edb59ee2bb3c8c36f17177966bc762da04af994450c8ad61a20fb6acdd"},
    {file = "ephem-3.7.7.1-cp37-cp37m-win32.whl", hash = "sha256:71ea3935c658ee184575fd4cc2aa3e7fd6d6bac4a1ccff9ee5549cee67ff0385"},
    {file = "ephem-3.7.7.1-cp37-cp37m-win_amd64.whl", hash = "sha256:34fd228105b89fefd20608420861a75a184db1edeaf0056cf2f85d2a2f768aee"},
    {file = "ephem-3.7.7.1-cp38-cp38-macosx_10_9_x86_64.whl", hash = "sha256:189fcaeacb44dc5a1684ad489542f126d99d4a85e87d2fe73864c902f0bc2c71"},
    {file = "ephem-3.7.7.1-cp38-cp38-manylinux2010_i686.whl", hash = "sha256:a5ddf46ced515e4b81dfd22e6408fd06a329c31c6abb10af48d392641c490b0e"},
    {file = "ephem-3.7.7.1-cp38-cp38-manylinux2010_x86_64.whl", hash = "sha256:3530bee3eb7458d86d4c399f51f5b73ad7ea0441f0b2fb03de41d623789935af"},
    {file = "ephem-3.7.7.1-cp38-cp38-manylinux2014_aarch64.whl", hash = "sha256:77193de077e5fff453756144dee978e5fd6978c5c03ce3f67a09bb237e78f9d4"},
    {file = "ephem-3.7.7.1-cp38-cp38-manylinux2014_s390x.whl", hash = "sha256:095ad42e8df6a5c91e0aeb5a68d76c0800b0283f72fc5f76e6df370ae1fb5537"},
    {file = "ephem-3.7.7.1-cp38-cp38-win32.whl", hash = "sha256:33ad1a71b204aff123250b04e0ff2d5c3b8e9c6c814bf2c675d7752ce5896c02"},
    {file = "ephem-3.7.7.1-cp38-cp38-win_amd64.whl", hash = "sha256:4bc5140cc7218a53ee6d949110f6ed413b8e3165294100515cd0fb29aa8e3637"},
    {file = "ephem-3.7.7.1-cp39-cp39-macosx_10_9_x86_64.whl", hash = "sha256:7aa88d2a6d216c2044be2a3b3cb184e9c8a5022f12464220694017ea9d75209d"},
    {file = "ephem-3.7.7.1-cp39-cp39-manylinux2010_i686.whl", hash = "sha256:1a9822bde93205c67fd3399b26868204b67d9e4442af21a764307e51ea6dc672"},
    {file = "ephem-3.7.7.1-cp39-cp39-manylinux2010_x86_64.whl", hash = "sha256:15dd3dbb3864fb853388e39ac3c915c72873507f54ee6b3ede0033b03465d8ba"},
    {file = "ephem-3.7.7.1-cp39-cp39-manylinux2014_aarch64.whl", hash = "sha256:5763919cdf38cd0488172711da504c3be003b7c104ccd2516cc496ff05f146ae"},
    {file = "ephem-3.7.7.1-cp39-cp39-manylinux2014_s390x.whl", hash = "sha256:cdea23a7caa1178b322e6e76484d40bd021672446ff51b512f35581e0f1b32b7"},
    {file = "ephem-3.7.7.1-cp39-cp39-win32.whl", hash = "sha256:c3cbc973b334892972445cec3deb99aafd0c57cb4e50679d5f12fc8c51b4e65f"},
    {file = "ephem-3.7.7.1-cp39-cp39-win_amd64.whl", hash = "sha256:1af920c382980fe3566a31f36bd712973e1ca6049cbe07b4624214d5e1f144bc"},
    {file = "ephem-3.7.7.1.tar.gz", hash = "sha256:36b51a8dc7cfdeb456dd6b8ab811accab8341b2d562ee3c6f4c86f6d3dbb984e"},
]
frozenlist = [
    {file = "frozenlist-1.2.0-cp310-cp310-macosx_10_9_universal2.whl", hash = "sha256:977a1438d0e0d96573fd679d291a1542097ea9f4918a8b6494b06610dfeefbf9"},
    {file = "frozenlist-1.2.0-cp310-cp310-macosx_10_9_x86_64.whl", hash = "sha256:a8d86547a5e98d9edd47c432f7a14b0c5592624b496ae9880fb6332f34af1edc"},
    {file = "frozenlist-1.2.0-cp310-cp310-macosx_11_0_arm64.whl", hash = "sha256:181754275d5d32487431a0a29add4f897968b7157204bc1eaaf0a0ce80c5ba7d"},
    {file = "frozenlist-1.2.0-cp310-cp310-manylinux_2_17_aarch64.manylinux2014_aarch64.whl", hash = "sha256:5df31bb2b974f379d230a25943d9bf0d3bc666b4b0807394b131a28fca2b0e5f"},
    {file = "frozenlist-1.2.0-cp310-cp310-manylinux_2_17_ppc64le.manylinux2014_ppc64le.whl", hash = "sha256:4766632cd8a68e4f10f156a12c9acd7b1609941525569dd3636d859d79279ed3"},
    {file = "frozenlist-1.2.0-cp310-cp310-manylinux_2_17_s390x.manylinux2014_s390x.whl", hash = "sha256:16eef427c51cb1203a7c0ab59d1b8abccaba9a4f58c4bfca6ed278fc896dc193"},
    {file = "frozenlist-1.2.0-cp310-cp310-manylinux_2_5_i686.manylinux1_i686.manylinux_2_12_i686.manylinux2010_i686.whl", hash = "sha256:01d79515ed5aa3d699b05f6bdcf1fe9087d61d6b53882aa599a10853f0479c6c"},
    {file = "frozenlist-1.2.0-cp310-cp310-manylinux_2_5_x86_64.manylinux1_x86_64.manylinux_2_12_x86_64.manylinux2010_x86_64.whl", hash = "sha256:28e164722ea0df0cf6d48c4d5bdf3d19e87aaa6dfb39b0ba91153f224b912020"},
    {file = "frozenlist-1.2.0-cp310-cp310-musllinux_1_1_aarch64.whl", hash = "sha256:e63ad0beef6ece06475d29f47d1f2f29727805376e09850ebf64f90777962792"},
    {file = "frozenlist-1.2.0-cp310-cp310-musllinux_1_1_i686.whl", hash = "sha256:41de4db9b9501679cf7cddc16d07ac0f10ef7eb58c525a1c8cbff43022bddca4"},
    {file = "frozenlist-1.2.0-cp310-cp310-musllinux_1_1_ppc64le.whl", hash = "sha256:c6a9d84ee6427b65a81fc24e6ef589cb794009f5ca4150151251c062773e7ed2"},
    {file = "frozenlist-1.2.0-cp310-cp310-musllinux_1_1_s390x.whl", hash = "sha256:f5f3b2942c3b8b9bfe76b408bbaba3d3bb305ee3693e8b1d631fe0a0d4f93673"},
    {file = "frozenlist-1.2.0-cp310-cp310-musllinux_1_1_x86_64.whl", hash = "sha256:c98d3c04701773ad60d9545cd96df94d955329efc7743fdb96422c4b669c633b"},
    {file = "frozenlist-1.2.0-cp310-cp310-win32.whl", hash = "sha256:72cfbeab7a920ea9e74b19aa0afe3b4ad9c89471e3badc985d08756efa9b813b"},
    {file = "frozenlist-1.2.0-cp310-cp310-win_amd64.whl", hash = "sha256:11ff401951b5ac8c0701a804f503d72c048173208490c54ebb8d7bb7c07a6d00"},
    {file = "frozenlist-1.2.0-cp36-cp36m-macosx_10_9_x86_64.whl", hash = "sha256:b46f997d5ed6d222a863b02cdc9c299101ee27974d9bbb2fd1b3c8441311c408"},
    {file = "frozenlist-1.2.0-cp36-cp36m-manylinux_2_17_aarch64.manylinux2014_aarch64.whl", hash = "sha256:351686ca020d1bcd238596b1fa5c8efcbc21bffda9d0efe237aaa60348421e2a"},
    {file = "frozenlist-1.2.0-cp36-cp36m-manylinux_2_17_ppc64le.manylinux2014_ppc64le.whl", hash = "sha256:bfbaa08cf1452acad9cb1c1d7b89394a41e712f88df522cea1a0f296b57782a0"},
    {file = "frozenlist-1.2.0-cp36-cp36m-manylinux_2_17_s390x.manylinux2014_s390x.whl", hash = "sha256:b2ae2f5e9fa10805fb1c9adbfefaaecedd9e31849434be462c3960a0139ed729"},
    {file = "frozenlist-1.2.0-cp36-cp36m-manylinux_2_5_i686.manylinux1_i686.manylinux_2_12_i686.manylinux2010_i686.whl", hash = "sha256:6790b8d96bbb74b7a6f4594b6f131bd23056c25f2aa5d816bd177d95245a30e3"},
    {file = "frozenlist-1.2.0-cp36-cp36m-manylinux_2_5_x86_64.manylinux1_x86_64.manylinux_2_12_x86_64.manylinux2010_x86_64.whl", hash = "sha256:41f62468af1bd4e4b42b5508a3fe8cc46a693f0cdd0ca2f443f51f207893d837"},
    {file = "frozenlist-1.2.0-cp36-cp36m-musllinux_1_1_aarch64.whl", hash = "sha256:ec6cf345771cdb00791d271af9a0a6fbfc2b6dd44cb753f1eeaa256e21622adb"},
    {file = "frozenlist-1.2.0-cp36-cp36m-musllinux_1_1_i686.whl", hash = "sha256:14a5cef795ae3e28fb504b73e797c1800e9249f950e1c964bb6bdc8d77871161"},
    {file = "frozenlist-1.2.0-cp36-cp36m-musllinux_1_1_ppc64le.whl", hash = "sha256:8b54cdd2fda15467b9b0bfa78cee2ddf6dbb4585ef23a16e14926f4b076dfae4"},
    {file = "frozenlist-1.2.0-cp36-cp36m-musllinux_1_1_s390x.whl", hash = "sha256:f025f1d6825725b09c0038775acab9ae94264453a696cc797ce20c0769a7b367"},
    {file = "frozenlist-1.2.0-cp36-cp36m-musllinux_1_1_x86_64.whl", hash = "sha256:84e97f59211b5b9083a2e7a45abf91cfb441369e8bb6d1f5287382c1c526def3"},
    {file = "frozenlist-1.2.0-cp36-cp36m-win32.whl", hash = "sha256:c5328ed53fdb0a73c8a50105306a3bc013e5ca36cca714ec4f7bd31d38d8a97f"},
    {file = "frozenlist-1.2.0-cp36-cp36m-win_amd64.whl", hash = "sha256:9ade70aea559ca98f4b1b1e5650c45678052e76a8ab2f76d90f2ac64180215a2"},
    {file = "frozenlist-1.2.0-cp37-cp37m-macosx_10_9_x86_64.whl", hash = "sha256:a0d3ffa8772464441b52489b985d46001e2853a3b082c655ec5fad9fb6a3d618"},
    {file = "frozenlist-1.2.0-cp37-cp37m-manylinux_2_17_aarch64.manylinux2014_aarch64.whl", hash = "sha256:3457f8cf86deb6ce1ba67e120f1b0128fcba1332a180722756597253c465fc1d"},
    {file = "frozenlist-1.2.0-cp37-cp37m-manylinux_2_17_ppc64le.manylinux2014_ppc64le.whl", hash = "sha256:5a72eecf37eface331636951249d878750db84034927c997d47f7f78a573b72b"},
    {file = "frozenlist-1.2.0-cp37-cp37m-manylinux_2_17_s390x.manylinux2014_s390x.whl", hash = "sha256:acc4614e8d1feb9f46dd829a8e771b8f5c4b1051365d02efb27a3229048ade8a"},
    {file = "frozenlist-1.2.0-cp37-cp37m-manylinux_2_5_i686.manylinux1_i686.manylinux_2_12_i686.manylinux2010_i686.whl", hash = "sha256:87521e32e18a2223311afc2492ef2d99946337da0779ddcda77b82ee7319df59"},
    {file = "frozenlist-1.2.0-cp37-cp37m-manylinux_2_5_x86_64.manylinux1_x86_64.manylinux_2_12_x86_64.manylinux2010_x86_64.whl", hash = "sha256:8b4c7665a17c3a5430edb663e4ad4e1ad457614d1b2f2b7f87052e2ef4fa45ca"},
    {file = "frozenlist-1.2.0-cp37-cp37m-musllinux_1_1_aarch64.whl", hash = "sha256:ed58803563a8c87cf4c0771366cf0ad1aa265b6b0ae54cbbb53013480c7ad74d"},
    {file = "frozenlist-1.2.0-cp37-cp37m-musllinux_1_1_i686.whl", hash = "sha256:aa44c4740b4e23fcfa259e9dd52315d2b1770064cde9507457e4c4a65a04c397"},
    {file = "frozenlist-1.2.0-cp37-cp37m-musllinux_1_1_ppc64le.whl", hash = "sha256:2de5b931701257d50771a032bba4e448ff958076380b049fd36ed8738fdb375b"},
    {file = "frozenlist-1.2.0-cp37-cp37m-musllinux_1_1_s390x.whl", hash = "sha256:6e105013fa84623c057a4381dc8ea0361f4d682c11f3816cc80f49a1f3bc17c6"},
    {file = "frozenlist-1.2.0-cp37-cp37m-musllinux_1_1_x86_64.whl", hash = "sha256:705c184b77565955a99dc360f359e8249580c6b7eaa4dc0227caa861ef46b27a"},
    {file = "frozenlist-1.2.0-cp37-cp37m-win32.whl", hash = "sha256:a37594ad6356e50073fe4f60aa4187b97d15329f2138124d252a5a19c8553ea4"},
    {file = "frozenlist-1.2.0-cp37-cp37m-win_amd64.whl", hash = "sha256:25b358aaa7dba5891b05968dd539f5856d69f522b6de0bf34e61f133e077c1a4"},
    {file = "frozenlist-1.2.0-cp38-cp38-macosx_10_9_universal2.whl", hash = "sha256:af2a51c8a381d76eabb76f228f565ed4c3701441ecec101dd18be70ebd483cfd"},
    {file = "frozenlist-1.2.0-cp38-cp38-macosx_10_9_x86_64.whl", hash = "sha256:82d22f6e6f2916e837c91c860140ef9947e31194c82aaeda843d6551cec92f19"},
    {file = "frozenlist-1.2.0-cp38-cp38-macosx_11_0_arm64.whl", hash = "sha256:1cfe6fef507f8bac40f009c85c7eddfed88c1c0d38c75e72fe10476cef94e10f"},
    {file = "frozenlist-1.2.0-cp38-cp38-manylinux_2_17_aarch64.manylinux2014_aarch64.whl", hash = "sha256:26f602e380a5132880fa245c92030abb0fc6ff34e0c5500600366cedc6adb06a"},
    {file = "frozenlist-1.2.0-cp38-cp38-manylinux_2_17_ppc64le.manylinux2014_ppc64le.whl", hash = "sha256:4ad065b2ebd09f32511ff2be35c5dfafee6192978b5a1e9d279a5c6e121e3b03"},
    {file = "frozenlist-1.2.0-cp38-cp38-manylinux_2_17_s390x.manylinux2014_s390x.whl", hash = "sha256:bc93f5f62df3bdc1f677066327fc81f92b83644852a31c6aa9b32c2dde86ea7d"},
    {file = "frozenlist-1.2.0-cp38-cp38-manylinux_2_5_i686.manylinux1_i686.manylinux_2_12_i686.manylinux2010_i686.whl", hash = "sha256:89fdfc84c6bf0bff2ff3170bb34ecba8a6911b260d318d377171429c4be18c73"},
    {file = "frozenlist-1.2.0-cp38-cp38-manylinux_2_5_x86_64.manylinux1_x86_64.manylinux_2_12_x86_64.manylinux2010_x86_64.whl", hash = "sha256:47b2848e464883d0bbdcd9493c67443e5e695a84694efff0476f9059b4cb6257"},
    {file = "frozenlist-1.2.0-cp38-cp38-musllinux_1_1_aarch64.whl", hash = "sha256:4f52d0732e56906f8ddea4bd856192984650282424049c956857fed43697ea43"},
    {file = "frozenlist-1.2.0-cp38-cp38-musllinux_1_1_i686.whl", hash = "sha256:16ef7dd5b7d17495404a2e7a49bac1bc13d6d20c16d11f4133c757dd94c4144c"},
    {file = "frozenlist-1.2.0-cp38-cp38-musllinux_1_1_ppc64le.whl", hash = "sha256:1cf63243bc5f5c19762943b0aa9e0d3fb3723d0c514d820a18a9b9a5ef864315"},
    {file = "frozenlist-1.2.0-cp38-cp38-musllinux_1_1_s390x.whl", hash = "sha256:54a1e09ab7a69f843cd28fefd2bcaf23edb9e3a8d7680032c8968b8ac934587d"},
    {file = "frozenlist-1.2.0-cp38-cp38-musllinux_1_1_x86_64.whl", hash = "sha256:954b154a4533ef28bd3e83ffdf4eadf39deeda9e38fb8feaf066d6069885e034"},
    {file = "frozenlist-1.2.0-cp38-cp38-win32.whl", hash = "sha256:cb3957c39668d10e2b486acc85f94153520a23263b6401e8f59422ef65b9520d"},
    {file = "frozenlist-1.2.0-cp38-cp38-win_amd64.whl", hash = "sha256:0a7c7cce70e41bc13d7d50f0e5dd175f14a4f1837a8549b0936ed0cbe6170bf9"},
    {file = "frozenlist-1.2.0-cp39-cp39-macosx_10_9_universal2.whl", hash = "sha256:4c457220468d734e3077580a3642b7f682f5fd9507f17ddf1029452450912cdc"},
    {file = "frozenlist-1.2.0-cp39-cp39-macosx_10_9_x86_64.whl", hash = "sha256:e74f8b4d8677ebb4015ac01fcaf05f34e8a1f22775db1f304f497f2f88fdc697"},
    {file = "frozenlist-1.2.0-cp39-cp39-macosx_11_0_arm64.whl", hash = "sha256:fbd4844ff111449f3bbe20ba24fbb906b5b1c2384d0f3287c9f7da2354ce6d23"},
    {file = "frozenlist-1.2.0-cp39-cp39-manylinux_2_17_aarch64.manylinux2014_aarch64.whl", hash = "sha256:f0081a623c886197ff8de9e635528fd7e6a387dccef432149e25c13946cb0cd0"},
    {file = "frozenlist-1.2.0-cp39-cp39-manylinux_2_17_ppc64le.manylinux2014_ppc64le.whl", hash = "sha256:9b6e21e5770df2dea06cb7b6323fbc008b13c4a4e3b52cb54685276479ee7676"},
    {file = "frozenlist-1.2.0-cp39-cp39-manylinux_2_17_s390x.manylinux2014_s390x.whl", hash = "sha256:406aeb340613b4b559db78d86864485f68919b7141dec82aba24d1477fd2976f"},
    {file = "frozenlist-1.2.0-cp39-cp39-manylinux_2_5_i686.manylinux1_i686.manylinux_2_12_i686.manylinux2010_i686.whl", hash = "sha256:878ebe074839d649a1cdb03a61077d05760624f36d196884a5cafb12290e187b"},
    {file = "frozenlist-1.2.0-cp39-cp39-manylinux_2_5_x86_64.manylinux1_x86_64.manylinux_2_12_x86_64.manylinux2010_x86_64.whl", hash = "sha256:1fef737fd1388f9b93bba8808c5f63058113c10f4e3c0763ced68431773f72f9"},
    {file = "frozenlist-1.2.0-cp39-cp39-musllinux_1_1_aarch64.whl", hash = "sha256:4a495c3d513573b0b3f935bfa887a85d9ae09f0627cf47cad17d0cc9b9ba5c38"},
    {file = "frozenlist-1.2.0-cp39-cp39-musllinux_1_1_i686.whl", hash = "sha256:e7d0dd3e727c70c2680f5f09a0775525229809f1a35d8552b92ff10b2b14f2c2"},
    {file = "frozenlist-1.2.0-cp39-cp39-musllinux_1_1_ppc64le.whl", hash = "sha256:66a518731a21a55b7d3e087b430f1956a36793acc15912e2878431c7aec54210"},
    {file = "frozenlist-1.2.0-cp39-cp39-musllinux_1_1_s390x.whl", hash = "sha256:94728f97ddf603d23c8c3dd5cae2644fa12d33116e69f49b1644a71bb77b89ae"},
    {file = "frozenlist-1.2.0-cp39-cp39-musllinux_1_1_x86_64.whl", hash = "sha256:c1e8e9033d34c2c9e186e58279879d78c94dd365068a3607af33f2bc99357a53"},
    {file = "frozenlist-1.2.0-cp39-cp39-win32.whl", hash = "sha256:83334e84a290a158c0c4cc4d22e8c7cfe0bba5b76d37f1c2509dabd22acafe15"},
    {file = "frozenlist-1.2.0-cp39-cp39-win_amd64.whl", hash = "sha256:735f386ec522e384f511614c01d2ef9cf799f051353876b4c6fb93ef67a6d1ee"},
    {file = "frozenlist-1.2.0.tar.gz", hash = "sha256:68201be60ac56aff972dc18085800b6ee07973c49103a8aba669dee3d71079de"},
]
gunicorn = [
    {file = "gunicorn-20.0.4-py2.py3-none-any.whl", hash = "sha256:cd4a810dd51bf497552cf3f863b575dabd73d6ad6a91075b65936b151cbf4f9c"},
    {file = "gunicorn-20.0.4.tar.gz", hash = "sha256:1904bb2b8a43658807108d59c3f3d56c2b6121a701161de0ddf9ad140073c626"},
]
idna = [
    {file = "idna-2.10-py2.py3-none-any.whl", hash = "sha256:b97d804b1e9b523befed77c48dacec60e6dcb0b5391d57af6a65a312a90648c0"},
    {file = "idna-2.10.tar.gz", hash = "sha256:b307872f855b18632ce0c21c5e45be78c0ea7ae4c15c828c20788b26921eb3f6"},
]
idna-ssl = [
    {file = "idna-ssl-1.1.0.tar.gz", hash = "sha256:a933e3bb13da54383f9e8f35dc4f9cb9eb9b3b78c6b36f311254d6d0d92c6c7c"},
]
multidict = [
    {file = "multidict-4.7.6-cp35-cp35m-macosx_10_14_x86_64.whl", hash = "sha256:275ca32383bc5d1894b6975bb4ca6a7ff16ab76fa622967625baeebcf8079000"},
    {file = "multidict-4.7.6-cp35-cp35m-manylinux1_x86_64.whl", hash = "sha256:1ece5a3369835c20ed57adadc663400b5525904e53bae59ec854a5d36b39b21a"},
    {file = "multidict-4.7.6-cp35-cp35m-win32.whl", hash = "sha256:5141c13374e6b25fe6bf092052ab55c0c03d21bd66c94a0e3ae371d3e4d865a5"},
    {file = "multidict-4.7.6-cp35-cp35m-win_amd64.whl", hash = "sha256:9456e90649005ad40558f4cf51dbb842e32807df75146c6d940b6f5abb4a78f3"},
    {file = "multidict-4.7.6-cp36-cp36m-macosx_10_14_x86_64.whl", hash = "sha256:e0d072ae0f2a179c375f67e3da300b47e1a83293c554450b29c900e50afaae87"},
    {file = "multidict-4.7.6-cp36-cp36m-manylinux1_x86_64.whl", hash = "sha256:3750f2205b800aac4bb03b5ae48025a64e474d2c6cc79547988ba1d4122a09e2"},
    {file = "multidict-4.7.6-cp36-cp36m-win32.whl", hash = "sha256:f07acae137b71af3bb548bd8da720956a3bc9f9a0b87733e0899226a2317aeb7"},
    {file = "multidict-4.7.6-cp36-cp36m-win_amd64.whl", hash = "sha256:6513728873f4326999429a8b00fc7ceddb2509b01d5fd3f3be7881a257b8d463"},
    {file = "multidict-4.7.6-cp37-cp37m-macosx_10_14_x86_64.whl", hash = "sha256:feed85993dbdb1dbc29102f50bca65bdc68f2c0c8d352468c25b54874f23c39d"},
    {file = "multidict-4.7.6-cp37-cp37m-manylinux1_x86_64.whl", hash = "sha256:fcfbb44c59af3f8ea984de67ec7c306f618a3ec771c2843804069917a8f2e255"},
    {file = "multidict-4.7.6-cp37-cp37m-win32.whl", hash = "sha256:4538273208e7294b2659b1602490f4ed3ab1c8cf9dbdd817e0e9db8e64be2507"},
    {file = "multidict-4.7.6-cp37-cp37m-win_amd64.whl", hash = "sha256:d14842362ed4cf63751648e7672f7174c9818459d169231d03c56e84daf90b7c"},
    {file = "multidict-4.7.6-cp38-cp38-macosx_10_14_x86_64.whl", hash = "sha256:c026fe9a05130e44157b98fea3ab12969e5b60691a276150db9eda71710cd10b"},
    {file = "multidict-4.7.6-cp38-cp38-manylinux1_x86_64.whl", hash = "sha256:51a4d210404ac61d32dada00a50ea7ba412e6ea945bbe992e4d7a595276d2ec7"},
    {file = "multidict-4.7.6-cp38-cp38-win32.whl", hash = "sha256:5cf311a0f5ef80fe73e4f4c0f0998ec08f954a6ec72b746f3c179e37de1d210d"},
    {file = "multidict-4.7.6-cp38-cp38-win_amd64.whl", hash = "sha256:7388d2ef3c55a8ba80da62ecfafa06a1c097c18032a501ffd4cabbc52d7f2b19"},
    {file = "multidict-4.7.6.tar.gz", hash = "sha256:fbb77a75e529021e7c4a8d4e823d88ef4d23674a202be4f5addffc72cbb91430"},
]
typing-extensions = [
    {file = "typing_extensions-3.7.4.2-py2-none-any.whl", hash = "sha256:f8d2bd89d25bc39dabe7d23df520442fa1d8969b82544370e03d88b5a591c392"},
    {file = "typing_extensions-3.7.4.2-py3-none-any.whl", hash = "sha256:6e95524d8a547a91e08f404ae485bbb71962de46967e1b71a0cb89af24e761c5"},
    {file = "typing_extensions-3.7.4.2.tar.gz", hash = "sha256:79ee589a3caca649a9bfd2a8de4709837400dfa00b6cc81962a1e6a1815969ae"},
]
yarl = [
    {file = "yarl-1.5.1-cp35-cp35m-macosx_10_14_x86_64.whl", hash = "sha256:db6db0f45d2c63ddb1a9d18d1b9b22f308e52c83638c26b422d520a815c4b3fb"},
    {file = "yarl-1.5.1-cp35-cp35m-manylinux1_x86_64.whl", hash = "sha256:17668ec6722b1b7a3a05cc0167659f6c95b436d25a36c2d52db0eca7d3f72593"},
    {file = "yarl-1.5.1-cp35-cp35m-win32.whl", hash = "sha256:040b237f58ff7d800e6e0fd89c8439b841f777dd99b4a9cca04d6935564b9409"},
    {file = "yarl-1.5.1-cp35-cp35m-win_amd64.whl", hash = "sha256:f18d68f2be6bf0e89f1521af2b1bb46e66ab0018faafa81d70f358153170a317"},
    {file = "yarl-1.5.1-cp36-cp36m-macosx_10_14_x86_64.whl", hash = "sha256:c52ce2883dc193824989a9b97a76ca86ecd1fa7955b14f87bf367a61b6232511"},
    {file = "yarl-1.5.1-cp36-cp36m-manylinux1_x86_64.whl", hash = "sha256:ce584af5de8830d8701b8979b18fcf450cef9a382b1a3c8ef189bedc408faf1e"},
    {file = "yarl-1.5.1-cp36-cp36m-win32.whl", hash = "sha256:df89642981b94e7db5596818499c4b2219028f2a528c9c37cc1de45bf2fd3a3f"},
    {file = "yarl-1.5.1-cp36-cp36m-win_amd64.whl", hash = "sha256:3a584b28086bc93c888a6c2aa5c92ed1ae20932f078c46509a66dce9ea5533f2"},
    {file = "yarl-1.5.1-cp37-cp37m-macosx_10_14_x86_64.whl", hash = "sha256:da456eeec17fa8aa4594d9a9f27c0b1060b6a75f2419fe0c00609587b2695f4a"},
    {file = "yarl-1.5.1-cp37-cp37m-manylinux1_x86_64.whl", hash = "sha256:bc2f976c0e918659f723401c4f834deb8a8e7798a71be4382e024bcc3f7e23a8"},
    {file = "yarl-1.5.1-cp37-cp37m-win32.whl", hash = "sha256:4439be27e4eee76c7632c2427ca5e73703151b22cae23e64adb243a9c2f565d8"},
    {file = "yarl-1.5.1-cp37-cp37m-win_amd64.whl", hash = "sha256:48e918b05850fffb070a496d2b5f97fc31d15d94ca33d3d08a4f86e26d4e7c5d"},
    {file = "yarl-1.5.1-cp38-cp38-macosx_10_14_x86_64.whl", hash = "sha256:9b930776c0ae0c691776f4d2891ebc5362af86f152dd0da463a6614074cb1b02"},
    {file = "yarl-1.5.1-cp38-cp38-manylinux1_x86_64.whl", hash = "sha256:b3b9ad80f8b68519cc3372a6ca85ae02cc5a8807723ac366b53c0f089db19e4a"},
    {file = "yarl-1.5.1-cp38-cp38-win32.whl", hash = "sha256:f379b7f83f23fe12823085cd6b906edc49df969eb99757f58ff382349a3303c6"},
    {file = "yarl-1.5.1-cp38-cp38-win_amd64.whl", hash = "sha256:9102b59e8337f9874638fcfc9ac3734a0cfadb100e47d55c20d0dc6087fb4692"},
    {file = "yarl-1.5.1.tar.gz", hash = "sha256:c22c75b5f394f3d47105045ea551e08a3e804dc7e01b37800ca35b58f856c3d6"},
]
